
Microsoft Visual Studio Solution File, Format Version 12.00
# Visual Studio Version 17
VisualStudioVersion = 17.4.33205.214
MinimumVisualStudioVersion = 10.0.40219.1
Project("{9A19103F-16F7-4668-BE54-9A1E7A4F7556}") = "DayTimeCheckerWinApp", "DayTimeCheckerWinApp\DayTimeCheckerWinApp.csproj", "{5533B50C-154E-443C-BAD3-803912A28983}"
EndProject
Global
	GlobalSection(SolutionConfigurationPlatforms) = preSolution
		Debug|Any CPU = Debug|Any CPU
		Release|Any CPU = Release|Any CPU
	EndGlobalSection
	GlobalSection(ProjectConfigurationPlatforms) = postSolution
		{5533B50C-154E-443C-BAD3-803912A28983}.Debug|Any CPU.ActiveCfg = Debug|Any CPU
		{5533B50C-154E-443C-BAD3-803912A28983}.Debug|Any CPU.Build.0 = Debug|Any CPU
		{5533B50C-154E-443C-BAD3-803912A28983}.Release|Any CPU.ActiveCfg = Release|Any CPU
		{5533B50C-154E-443C-BAD3-803912A28983}.Release|Any CPU.Build.0 = Release|Any CPU
	EndGlobalSection
	GlobalSection(SolutionProperties) = preSolution
		HideSolutionNode = FALSE
	EndGlobalSection
	GlobalSection(ExtensibilityGlobals) = postSolution
		SolutionGuid = {B84F9950-D5A5-49E1-877A-2B7A4660664F}
	EndGlobalSection
EndGlobal
